
Microsoft Visual Studio Solution File, Format Version 12.00
# Visual Studio 14
VisualStudioVersion = 14.0.25420.1
MinimumVisualStudioVersion = 10.0.40219.1
Project("{FAE04EC0-301F-11D3-BF4B-00C04F79EFBC}") = "01. Day of Week", "01. Day of Week\01. Day of Week.csproj", "{A80C7EA1-4733-4A77-82CE-E6C004E8658C}"
EndProject
Project("{FAE04EC0-301F-11D3-BF4B-00C04F79EFBC}") = "02. Randomize Words", "02. Randomize Words\02. Randomize Words.csproj", "{78B52FB7-91EB-4D96-BB71-18FBD2EAD5FB}"
EndProject
Project("{FAE04EC0-301F-11D3-BF4B-00C04F79EFBC}") = "03. Big Factorial", "03. Big Factorial\03. Big Factorial.csproj", "{CDB40AC0-91D8-4C1A-B32F-CB73FC5FB454}"
EndProject
Project("{FAE04EC0-301F-11D3-BF4B-00C04F79EFBC}") = "04. Distance between Points", "04. Distance between Points\04. Distance between Points.csproj", "{EEE8FFDD-891D-4B38-A8C9-6842ADA2B2EA}"
EndProject
Project("{FAE04EC0-301F-11D3-BF4B-00C04F79EFBC}") = "05. Closest Two Points", "05. Closest Two Points\05. Closest Two Points.csproj", "{57D511EE-BE5F-43EE-8A3A-F4E5E2C51E82}"
EndProject
Project("{FAE04EC0-301F-11D3-BF4B-00C04F79EFBC}") = "06. Rectangle Position", "06. Rectangle Position\06. Rectangle Position.csproj", "{7031894A-8EBD-426F-90A4-4902EA058DC9}"
EndProject
Project("{FAE04EC0-301F-11D3-BF4B-00C04F79EFBC}") = "07. Sales Report", "07. Sales Report\07. Sales Report.csproj", "{32003908-57AE-46A2-9B42-43991B9F4B96}"
EndProject
Global
	GlobalSection(SolutionConfigurationPlatforms) = preSolution
		Debug|Any CPU = Debug|Any CPU
		Release|Any CPU = Release|Any CPU
	EndGlobalSection
	GlobalSection(ProjectConfigurationPlatforms) = postSolution
		{A80C7EA1-4733-4A77-82CE-E6C004E8658C}.Debug|Any CPU.ActiveCfg = Debug|Any CPU
		{A80C7EA1-4733-4A77-82CE-E6C004E8658C}.Debug|Any CPU.Build.0 = Debug|Any CPU
		{A80C7EA1-4733-4A77-82CE-E6C004E8658C}.Release|Any CPU.ActiveCfg = Release|Any CPU
		{A80C7EA1-4733-4A77-82CE-E6C004E8658C}.Release|Any CPU.Build.0 = Release|Any CPU
		{78B52FB7-91EB-4D96-BB71-18FBD2EAD5FB}.Debug|Any CPU.ActiveCfg = Debug|Any CPU
		{78B52FB7-91EB-4D96-BB71-18FBD2EAD5FB}.Debug|Any CPU.Build.0 = Debug|Any CPU
		{78B52FB7-91EB-4D96-BB71-18FBD2EAD5FB}.Release|Any CPU.ActiveCfg = Release|Any CPU
		{78B52FB7-91EB-4D96-BB71-18FBD2EAD5FB}.Release|Any CPU.Build.0 = Release|Any CPU
		{CDB40AC0-91D8-4C1A-B32F-CB73FC5FB454}.Debug|Any CPU.ActiveCfg = Debug|Any CPU
		{CDB40AC0-91D8-4C1A-B32F-CB73FC5FB454}.Debug|Any CPU.Build.0 = Debug|Any CPU
		{CDB40AC0-91D8-4C1A-B32F-CB73FC5FB454}.Release|Any CPU.ActiveCfg = Release|Any CPU
		{CDB40AC0-91D8-4C1A-B32F-CB73FC5FB454}.Release|Any CPU.Build.0 = Release|Any CPU
		{EEE8FFDD-891D-4B38-A8C9-6842ADA2B2EA}.Debug|Any CPU.ActiveCfg = Debug|Any CPU
		{EEE8FFDD-891D-4B38-A8C9-6842ADA2B2EA}.Debug|Any CPU.Build.0 = Debug|Any CPU
		{EEE8FFDD-891D-4B38-A8C9-6842ADA2B2EA}.Release|Any CPU.ActiveCfg = Release|Any CPU
		{EEE8FFDD-891D-4B38-A8C9-6842ADA2B2EA}.Release|Any CPU.Build.0 = Release|Any CPU
		{57D511EE-BE5F-43EE-8A3A-F4E5E2C51E82}.Debug|Any CPU.ActiveCfg = Debug|Any CPU
		{57D511EE-BE5F-43EE-8A3A-F4E5E2C51E82}.Debug|Any CPU.Build.0 = Debug|Any CPU
		{57D511EE-BE5F-43EE-8A3A-F4E5E2C51E82}.Release|Any CPU.ActiveCfg = Release|Any CPU
		{57D511EE-BE5F-43EE-8A3A-F4E5E2C51E82}.Release|Any CPU.Build.0 = Release|Any CPU
		{7031894A-8EBD-426F-90A4-4902EA058DC9}.Debug|Any CPU.ActiveCfg = Debug|Any CPU
		{7031894A-8EBD-426F-90A4-4902EA058DC9}.Debug|Any CPU.Build.0 = Debug|Any CPU
		{7031894A-8EBD-426F-90A4-4902EA058DC9}.Release|Any CPU.ActiveCfg = Release|Any CPU
		{7031894A-8EBD-426F-90A4-4902EA058DC9}.Release|Any CPU.Build.0 = Release|Any CPU
		{32003908-57AE-46A2-9B42-43991B9F4B96}.Debug|Any CPU.ActiveCfg = Debug|Any CPU
		{32003908-57AE-46A2-9B42-43991B9F4B96}.Debug|Any CPU.Build.0 = Debug|Any CPU
		{32003908-57AE-46A2-9B42-43991B9F4B96}.Release|Any CPU.ActiveCfg = Release|Any CPU
		{32003908-57AE-46A2-9B42-43991B9F4B96}.Release|Any CPU.Build.0 = Release|Any CPU
	EndGlobalSection
	GlobalSection(SolutionProperties) = preSolution
		HideSolutionNode = FALSE
	EndGlobalSection
EndGlobal
