
Microsoft Visual Studio Solution File, Format Version 12.00
# Visual Studio 14
VisualStudioVersion = 14.0.25123.0
MinimumVisualStudioVersion = 10.0.40219.1
Project("{FAE04EC0-301F-11D3-BF4B-00C04F79EFBC}") = "01. Largest Common End", "01. Largest Common End\01. Largest Common End.csproj", "{1E404DA3-C536-4D4F-A553-8E479C287524}"
EndProject
Project("{FAE04EC0-301F-11D3-BF4B-00C04F79EFBC}") = "02. Rotate and Sum", "02. Rotate and Sum\02. Rotate and Sum.csproj", "{01F438A3-71F9-41E6-885D-7AED7263006F}"
EndProject
Project("{FAE04EC0-301F-11D3-BF4B-00C04F79EFBC}") = "03. Fold and Sum", "03. Fold and Sum\03. Fold and Sum.csproj", "{67A869E4-A29B-4CE4-AB51-4FB59ED961A8}"
EndProject
Project("{FAE04EC0-301F-11D3-BF4B-00C04F79EFBC}") = "04. Sieve of Eratosthenes", "04. Sieve of Eratosthenes\04. Sieve of Eratosthenes.csproj", "{34E262B9-C0BF-479D-9180-0D4B6D4460D9}"
EndProject
Project("{FAE04EC0-301F-11D3-BF4B-00C04F79EFBC}") = "05. Compare Char Arrays", "05. Compare Char Arrays\05. Compare Char Arrays.csproj", "{5211C3F4-CEF7-4253-A0FE-9946168EB2F0}"
EndProject
Project("{FAE04EC0-301F-11D3-BF4B-00C04F79EFBC}") = "06. Max Sequence of Equal Elements", "06. Max Sequence of Equal Elements\06. Max Sequence of Equal Elements.csproj", "{AF03D244-3172-4092-AE8B-B3B7A16F67BE}"
EndProject
Project("{FAE04EC0-301F-11D3-BF4B-00C04F79EFBC}") = "07. Max Sequence of Increasing Elements", "07. Max Sequence of Increasing Elements\07. Max Sequence of Increasing Elements.csproj", "{F994E3E6-6132-4DD1-8A82-8689486A997B}"
EndProject
Project("{FAE04EC0-301F-11D3-BF4B-00C04F79EFBC}") = "08. Most Frequent Number", "08. Most Frequent Number\08. Most Frequent Number.csproj", "{717A2D87-C8D7-4B5C-BF2E-8BFEF6B42E9B}"
EndProject
Project("{FAE04EC0-301F-11D3-BF4B-00C04F79EFBC}") = "09. Index of Letters", "09. Index of Letters\09. Index of Letters.csproj", "{1096FB96-1201-4B26-A6A3-EF2FEDEAA7B3}"
EndProject
Project("{FAE04EC0-301F-11D3-BF4B-00C04F79EFBC}") = "10. Pairs by Difference", "10. Pairs by Difference\10. Pairs by Difference.csproj", "{BE5F89B0-5B81-4A6E-AD64-6E9ED5D575CC}"
EndProject
Project("{FAE04EC0-301F-11D3-BF4B-00C04F79EFBC}") = "11. Equal Sums", "11. Equal Sums\11. Equal Sums.csproj", "{BDFC80E0-F86B-4ED4-8431-F08222049C5C}"
EndProject
Global
	GlobalSection(SolutionConfigurationPlatforms) = preSolution
		Debug|Any CPU = Debug|Any CPU
		Release|Any CPU = Release|Any CPU
	EndGlobalSection
	GlobalSection(ProjectConfigurationPlatforms) = postSolution
		{1E404DA3-C536-4D4F-A553-8E479C287524}.Debug|Any CPU.ActiveCfg = Debug|Any CPU
		{1E404DA3-C536-4D4F-A553-8E479C287524}.Debug|Any CPU.Build.0 = Debug|Any CPU
		{1E404DA3-C536-4D4F-A553-8E479C287524}.Release|Any CPU.ActiveCfg = Release|Any CPU
		{1E404DA3-C536-4D4F-A553-8E479C287524}.Release|Any CPU.Build.0 = Release|Any CPU
		{01F438A3-71F9-41E6-885D-7AED7263006F}.Debug|Any CPU.ActiveCfg = Debug|Any CPU
		{01F438A3-71F9-41E6-885D-7AED7263006F}.Debug|Any CPU.Build.0 = Debug|Any CPU
		{01F438A3-71F9-41E6-885D-7AED7263006F}.Release|Any CPU.ActiveCfg = Release|Any CPU
		{01F438A3-71F9-41E6-885D-7AED7263006F}.Release|Any CPU.Build.0 = Release|Any CPU
		{67A869E4-A29B-4CE4-AB51-4FB59ED961A8}.Debug|Any CPU.ActiveCfg = Debug|Any CPU
		{67A869E4-A29B-4CE4-AB51-4FB59ED961A8}.Debug|Any CPU.Build.0 = Debug|Any CPU
		{67A869E4-A29B-4CE4-AB51-4FB59ED961A8}.Release|Any CPU.ActiveCfg = Release|Any CPU
		{67A869E4-A29B-4CE4-AB51-4FB59ED961A8}.Release|Any CPU.Build.0 = Release|Any CPU
		{34E262B9-C0BF-479D-9180-0D4B6D4460D9}.Debug|Any CPU.ActiveCfg = Debug|Any CPU
		{34E262B9-C0BF-479D-9180-0D4B6D4460D9}.Debug|Any CPU.Build.0 = Debug|Any CPU
		{34E262B9-C0BF-479D-9180-0D4B6D4460D9}.Release|Any CPU.ActiveCfg = Release|Any CPU
		{34E262B9-C0BF-479D-9180-0D4B6D4460D9}.Release|Any CPU.Build.0 = Release|Any CPU
		{5211C3F4-CEF7-4253-A0FE-9946168EB2F0}.Debug|Any CPU.ActiveCfg = Debug|Any CPU
		{5211C3F4-CEF7-4253-A0FE-9946168EB2F0}.Debug|Any CPU.Build.0 = Debug|Any CPU
		{5211C3F4-CEF7-4253-A0FE-9946168EB2F0}.Release|Any CPU.ActiveCfg = Release|Any CPU
		{5211C3F4-CEF7-4253-A0FE-9946168EB2F0}.Release|Any CPU.Build.0 = Release|Any CPU
		{AF03D244-3172-4092-AE8B-B3B7A16F67BE}.Debug|Any CPU.ActiveCfg = Debug|Any CPU
		{AF03D244-3172-4092-AE8B-B3B7A16F67BE}.Debug|Any CPU.Build.0 = Debug|Any CPU
		{AF03D244-3172-4092-AE8B-B3B7A16F67BE}.Release|Any CPU.ActiveCfg = Release|Any CPU
		{AF03D244-3172-4092-AE8B-B3B7A16F67BE}.Release|Any CPU.Build.0 = Release|Any CPU
		{F994E3E6-6132-4DD1-8A82-8689486A997B}.Debug|Any CPU.ActiveCfg = Debug|Any CPU
		{F994E3E6-6132-4DD1-8A82-8689486A997B}.Debug|Any CPU.Build.0 = Debug|Any CPU
		{F994E3E6-6132-4DD1-8A82-8689486A997B}.Release|Any CPU.ActiveCfg = Release|Any CPU
		{F994E3E6-6132-4DD1-8A82-8689486A997B}.Release|Any CPU.Build.0 = Release|Any CPU
		{717A2D87-C8D7-4B5C-BF2E-8BFEF6B42E9B}.Debug|Any CPU.ActiveCfg = Debug|Any CPU
		{717A2D87-C8D7-4B5C-BF2E-8BFEF6B42E9B}.Debug|Any CPU.Build.0 = Debug|Any CPU
		{717A2D87-C8D7-4B5C-BF2E-8BFEF6B42E9B}.Release|Any CPU.ActiveCfg = Release|Any CPU
		{717A2D87-C8D7-4B5C-BF2E-8BFEF6B42E9B}.Release|Any CPU.Build.0 = Release|Any CPU
		{1096FB96-1201-4B26-A6A3-EF2FEDEAA7B3}.Debug|Any CPU.ActiveCfg = Debug|Any CPU
		{1096FB96-1201-4B26-A6A3-EF2FEDEAA7B3}.Debug|Any CPU.Build.0 = Debug|Any CPU
		{1096FB96-1201-4B26-A6A3-EF2FEDEAA7B3}.Release|Any CPU.ActiveCfg = Release|Any CPU
		{1096FB96-1201-4B26-A6A3-EF2FEDEAA7B3}.Release|Any CPU.Build.0 = Release|Any CPU
		{BE5F89B0-5B81-4A6E-AD64-6E9ED5D575CC}.Debug|Any CPU.ActiveCfg = Debug|Any CPU
		{BE5F89B0-5B81-4A6E-AD64-6E9ED5D575CC}.Debug|Any CPU.Build.0 = Debug|Any CPU
		{BE5F89B0-5B81-4A6E-AD64-6E9ED5D575CC}.Release|Any CPU.ActiveCfg = Release|Any CPU
		{BE5F89B0-5B81-4A6E-AD64-6E9ED5D575CC}.Release|Any CPU.Build.0 = Release|Any CPU
		{BDFC80E0-F86B-4ED4-8431-F08222049C5C}.Debug|Any CPU.ActiveCfg = Debug|Any CPU
		{BDFC80E0-F86B-4ED4-8431-F08222049C5C}.Debug|Any CPU.Build.0 = Debug|Any CPU
		{BDFC80E0-F86B-4ED4-8431-F08222049C5C}.Release|Any CPU.ActiveCfg = Release|Any CPU
		{BDFC80E0-F86B-4ED4-8431-F08222049C5C}.Release|Any CPU.Build.0 = Release|Any CPU
	EndGlobalSection
	GlobalSection(SolutionProperties) = preSolution
		HideSolutionNode = FALSE
	EndGlobalSection
EndGlobal
