
Microsoft Visual Studio Solution File, Format Version 12.00
# Visual Studio 14
VisualStudioVersion = 14.0.25420.1
MinimumVisualStudioVersion = 10.0.40219.1
Project("{FAE04EC0-301F-11D3-BF4B-00C04F79EFBC}") = "01. Sweet Dessert", "01. Sweet Dessert\01. Sweet Dessert.csproj", "{C6598904-4C09-4E15-82A9-D426D8885CF7}"
EndProject
Project("{FAE04EC0-301F-11D3-BF4B-00C04F79EFBC}") = "02. Array Manipulator", "02. Array Manipulator\02. Array Manipulator.csproj", "{15B6E2AB-ABD8-4D35-8E3E-A45EEDFDD97E}"
EndProject
Project("{FAE04EC0-301F-11D3-BF4B-00C04F79EFBC}") = "03. Football League", "03. Football League\03. Football League.csproj", "{572E2058-846C-4461-A620-BF56D3B836BB}"
EndProject
Project("{FAE04EC0-301F-11D3-BF4B-00C04F79EFBC}") = "04. Cubic Messages", "04. Cubic Messages\04. Cubic Messages.csproj", "{45068FBC-4BB1-449D-A42A-86198DEBBE28}"
EndProject
Global
	GlobalSection(SolutionConfigurationPlatforms) = preSolution
		Debug|Any CPU = Debug|Any CPU
		Release|Any CPU = Release|Any CPU
	EndGlobalSection
	GlobalSection(ProjectConfigurationPlatforms) = postSolution
		{C6598904-4C09-4E15-82A9-D426D8885CF7}.Debug|Any CPU.ActiveCfg = Debug|Any CPU
		{C6598904-4C09-4E15-82A9-D426D8885CF7}.Debug|Any CPU.Build.0 = Debug|Any CPU
		{C6598904-4C09-4E15-82A9-D426D8885CF7}.Release|Any CPU.ActiveCfg = Release|Any CPU
		{C6598904-4C09-4E15-82A9-D426D8885CF7}.Release|Any CPU.Build.0 = Release|Any CPU
		{15B6E2AB-ABD8-4D35-8E3E-A45EEDFDD97E}.Debug|Any CPU.ActiveCfg = Debug|Any CPU
		{15B6E2AB-ABD8-4D35-8E3E-A45EEDFDD97E}.Debug|Any CPU.Build.0 = Debug|Any CPU
		{15B6E2AB-ABD8-4D35-8E3E-A45EEDFDD97E}.Release|Any CPU.ActiveCfg = Release|Any CPU
		{15B6E2AB-ABD8-4D35-8E3E-A45EEDFDD97E}.Release|Any CPU.Build.0 = Release|Any CPU
		{572E2058-846C-4461-A620-BF56D3B836BB}.Debug|Any CPU.ActiveCfg = Debug|Any CPU
		{572E2058-846C-4461-A620-BF56D3B836BB}.Debug|Any CPU.Build.0 = Debug|Any CPU
		{572E2058-846C-4461-A620-BF56D3B836BB}.Release|Any CPU.ActiveCfg = Release|Any CPU
		{572E2058-846C-4461-A620-BF56D3B836BB}.Release|Any CPU.Build.0 = Release|Any CPU
		{45068FBC-4BB1-449D-A42A-86198DEBBE28}.Debug|Any CPU.ActiveCfg = Debug|Any CPU
		{45068FBC-4BB1-449D-A42A-86198DEBBE28}.Debug|Any CPU.Build.0 = Debug|Any CPU
		{45068FBC-4BB1-449D-A42A-86198DEBBE28}.Release|Any CPU.ActiveCfg = Release|Any CPU
		{45068FBC-4BB1-449D-A42A-86198DEBBE28}.Release|Any CPU.Build.0 = Release|Any CPU
	EndGlobalSection
	GlobalSection(SolutionProperties) = preSolution
		HideSolutionNode = FALSE
	EndGlobalSection
EndGlobal
