
Microsoft Visual Studio Solution File, Format Version 12.00
# Visual Studio 14
VisualStudioVersion = 14.0.25420.1
MinimumVisualStudioVersion = 10.0.40219.1
Project("{FAE04EC0-301F-11D3-BF4B-00C04F79EFBC}") = "01. Max Sequence of Equal Elements", "01. Max Sequence of Equal Elements\01. Max Sequence of Equal Elements.csproj", "{03D0E0C1-73A0-4230-97C6-550FAA0A7782}"
EndProject
Project("{FAE04EC0-301F-11D3-BF4B-00C04F79EFBC}") = "02. Longest Increasing Subsequence", "02. Longest Increasing Subsequence\02. Longest Increasing Subsequence.csproj", "{A5D7383F-FA6A-44F3-9854-1B5791FF5500}"
EndProject
Project("{FAE04EC0-301F-11D3-BF4B-00C04F79EFBC}") = "04. Sum Reversed Numbers", "04. Sum Reversed Numbers\04. Sum Reversed Numbers.csproj", "{60BD85A7-0F70-44EE-A91D-F24EF234DD62}"
EndProject
Project("{FAE04EC0-301F-11D3-BF4B-00C04F79EFBC}") = "05. Bomb Numbers", "05. Bomb Numbers\05. Bomb Numbers.csproj", "{36B6EA03-41B8-462C-AD06-A2347723DC02}"
EndProject
Project("{FAE04EC0-301F-11D3-BF4B-00C04F79EFBC}") = "03. Array Manipulator", "03. Array Manipulator\03. Array Manipulator.csproj", "{705DEE48-4F0B-4376-A07A-D09440BAF3A6}"
EndProject
Global
	GlobalSection(SolutionConfigurationPlatforms) = preSolution
		Debug|Any CPU = Debug|Any CPU
		Release|Any CPU = Release|Any CPU
	EndGlobalSection
	GlobalSection(ProjectConfigurationPlatforms) = postSolution
		{03D0E0C1-73A0-4230-97C6-550FAA0A7782}.Debug|Any CPU.ActiveCfg = Debug|Any CPU
		{03D0E0C1-73A0-4230-97C6-550FAA0A7782}.Debug|Any CPU.Build.0 = Debug|Any CPU
		{03D0E0C1-73A0-4230-97C6-550FAA0A7782}.Release|Any CPU.ActiveCfg = Release|Any CPU
		{03D0E0C1-73A0-4230-97C6-550FAA0A7782}.Release|Any CPU.Build.0 = Release|Any CPU
		{A5D7383F-FA6A-44F3-9854-1B5791FF5500}.Debug|Any CPU.ActiveCfg = Debug|Any CPU
		{A5D7383F-FA6A-44F3-9854-1B5791FF5500}.Debug|Any CPU.Build.0 = Debug|Any CPU
		{A5D7383F-FA6A-44F3-9854-1B5791FF5500}.Release|Any CPU.ActiveCfg = Release|Any CPU
		{A5D7383F-FA6A-44F3-9854-1B5791FF5500}.Release|Any CPU.Build.0 = Release|Any CPU
		{60BD85A7-0F70-44EE-A91D-F24EF234DD62}.Debug|Any CPU.ActiveCfg = Debug|Any CPU
		{60BD85A7-0F70-44EE-A91D-F24EF234DD62}.Debug|Any CPU.Build.0 = Debug|Any CPU
		{60BD85A7-0F70-44EE-A91D-F24EF234DD62}.Release|Any CPU.ActiveCfg = Release|Any CPU
		{60BD85A7-0F70-44EE-A91D-F24EF234DD62}.Release|Any CPU.Build.0 = Release|Any CPU
		{36B6EA03-41B8-462C-AD06-A2347723DC02}.Debug|Any CPU.ActiveCfg = Debug|Any CPU
		{36B6EA03-41B8-462C-AD06-A2347723DC02}.Debug|Any CPU.Build.0 = Debug|Any CPU
		{36B6EA03-41B8-462C-AD06-A2347723DC02}.Release|Any CPU.ActiveCfg = Release|Any CPU
		{36B6EA03-41B8-462C-AD06-A2347723DC02}.Release|Any CPU.Build.0 = Release|Any CPU
		{705DEE48-4F0B-4376-A07A-D09440BAF3A6}.Debug|Any CPU.ActiveCfg = Debug|Any CPU
		{705DEE48-4F0B-4376-A07A-D09440BAF3A6}.Debug|Any CPU.Build.0 = Debug|Any CPU
		{705DEE48-4F0B-4376-A07A-D09440BAF3A6}.Release|Any CPU.ActiveCfg = Release|Any CPU
		{705DEE48-4F0B-4376-A07A-D09440BAF3A6}.Release|Any CPU.Build.0 = Release|Any CPU
	EndGlobalSection
	GlobalSection(SolutionProperties) = preSolution
		HideSolutionNode = FALSE
	EndGlobalSection
EndGlobal
