
Microsoft Visual Studio Solution File, Format Version 12.00
# Visual Studio 14
VisualStudioVersion = 14.0.25420.1
MinimumVisualStudioVersion = 10.0.40219.1
Project("{FAE04EC0-301F-11D3-BF4B-00C04F79EFBC}") = "01. Convert from base-10 to base-N", "01. Convert from base-10 to base-N\01. Convert from base-10 to base-N.csproj", "{7181ED82-0005-4844-8144-8888064C8553}"
EndProject
Project("{FAE04EC0-301F-11D3-BF4B-00C04F79EFBC}") = "02. Convert from base-N to base-10", "02. Convert from base-N to base-10\02. Convert from base-N to base-10.csproj", "{16EFD430-32FB-4678-BF83-E139784B1269}"
EndProject
Project("{FAE04EC0-301F-11D3-BF4B-00C04F79EFBC}") = "03. Unicode Characters", "03. Unicode Characters\03. Unicode Characters.csproj", "{1B5E785A-D71C-495D-9DFF-3B877E0A69AE}"
EndProject
Project("{FAE04EC0-301F-11D3-BF4B-00C04F79EFBC}") = "04. Character Multiplier", "04. Character Multiplier\04. Character Multiplier.csproj", "{3883DA46-5654-429C-B15C-DE6E3159B7AA}"
EndProject
Project("{FAE04EC0-301F-11D3-BF4B-00C04F79EFBC}") = "05. Magic exchangeable words", "05. Magic exchangeable words\05. Magic exchangeable words.csproj", "{32DD638B-AD5E-4C89-ADE4-42F051279E24}"
EndProject
Project("{FAE04EC0-301F-11D3-BF4B-00C04F79EFBC}") = "06. Sum big numbers", "06. Sum big numbers\06. Sum big numbers.csproj", "{9ED80679-691E-4F04-9498-3427859F0667}"
EndProject
Project("{FAE04EC0-301F-11D3-BF4B-00C04F79EFBC}") = "07. Multiply big number", "ConsoleApplication1as\07. Multiply big number.csproj", "{19763CE3-1A0D-44F5-99C4-E3F50000D2B4}"
EndProject
Project("{FAE04EC0-301F-11D3-BF4B-00C04F79EFBC}") = "08. Letters Change Numbers", "08. Letters Change Numbers\08. Letters Change Numbers.csproj", "{5539CD08-46CD-4474-9572-1FB68C7CEA0B}"
EndProject
Project("{FAE04EC0-301F-11D3-BF4B-00C04F79EFBC}") = "09. Melrah Shake", "09. Melrah Shake\09. Melrah Shake.csproj", "{11C43905-8B23-4540-B225-07610F509A6A}"
EndProject
Global
	GlobalSection(SolutionConfigurationPlatforms) = preSolution
		Debug|Any CPU = Debug|Any CPU
		Release|Any CPU = Release|Any CPU
	EndGlobalSection
	GlobalSection(ProjectConfigurationPlatforms) = postSolution
		{7181ED82-0005-4844-8144-8888064C8553}.Debug|Any CPU.ActiveCfg = Debug|Any CPU
		{7181ED82-0005-4844-8144-8888064C8553}.Debug|Any CPU.Build.0 = Debug|Any CPU
		{7181ED82-0005-4844-8144-8888064C8553}.Release|Any CPU.ActiveCfg = Release|Any CPU
		{7181ED82-0005-4844-8144-8888064C8553}.Release|Any CPU.Build.0 = Release|Any CPU
		{16EFD430-32FB-4678-BF83-E139784B1269}.Debug|Any CPU.ActiveCfg = Debug|Any CPU
		{16EFD430-32FB-4678-BF83-E139784B1269}.Debug|Any CPU.Build.0 = Debug|Any CPU
		{16EFD430-32FB-4678-BF83-E139784B1269}.Release|Any CPU.ActiveCfg = Release|Any CPU
		{16EFD430-32FB-4678-BF83-E139784B1269}.Release|Any CPU.Build.0 = Release|Any CPU
		{1B5E785A-D71C-495D-9DFF-3B877E0A69AE}.Debug|Any CPU.ActiveCfg = Debug|Any CPU
		{1B5E785A-D71C-495D-9DFF-3B877E0A69AE}.Debug|Any CPU.Build.0 = Debug|Any CPU
		{1B5E785A-D71C-495D-9DFF-3B877E0A69AE}.Release|Any CPU.ActiveCfg = Release|Any CPU
		{1B5E785A-D71C-495D-9DFF-3B877E0A69AE}.Release|Any CPU.Build.0 = Release|Any CPU
		{3883DA46-5654-429C-B15C-DE6E3159B7AA}.Debug|Any CPU.ActiveCfg = Debug|Any CPU
		{3883DA46-5654-429C-B15C-DE6E3159B7AA}.Debug|Any CPU.Build.0 = Debug|Any CPU
		{3883DA46-5654-429C-B15C-DE6E3159B7AA}.Release|Any CPU.ActiveCfg = Release|Any CPU
		{3883DA46-5654-429C-B15C-DE6E3159B7AA}.Release|Any CPU.Build.0 = Release|Any CPU
		{32DD638B-AD5E-4C89-ADE4-42F051279E24}.Debug|Any CPU.ActiveCfg = Debug|Any CPU
		{32DD638B-AD5E-4C89-ADE4-42F051279E24}.Debug|Any CPU.Build.0 = Debug|Any CPU
		{32DD638B-AD5E-4C89-ADE4-42F051279E24}.Release|Any CPU.ActiveCfg = Release|Any CPU
		{32DD638B-AD5E-4C89-ADE4-42F051279E24}.Release|Any CPU.Build.0 = Release|Any CPU
		{9ED80679-691E-4F04-9498-3427859F0667}.Debug|Any CPU.ActiveCfg = Debug|Any CPU
		{9ED80679-691E-4F04-9498-3427859F0667}.Debug|Any CPU.Build.0 = Debug|Any CPU
		{9ED80679-691E-4F04-9498-3427859F0667}.Release|Any CPU.ActiveCfg = Release|Any CPU
		{9ED80679-691E-4F04-9498-3427859F0667}.Release|Any CPU.Build.0 = Release|Any CPU
		{19763CE3-1A0D-44F5-99C4-E3F50000D2B4}.Debug|Any CPU.ActiveCfg = Debug|Any CPU
		{19763CE3-1A0D-44F5-99C4-E3F50000D2B4}.Debug|Any CPU.Build.0 = Debug|Any CPU
		{19763CE3-1A0D-44F5-99C4-E3F50000D2B4}.Release|Any CPU.ActiveCfg = Release|Any CPU
		{19763CE3-1A0D-44F5-99C4-E3F50000D2B4}.Release|Any CPU.Build.0 = Release|Any CPU
		{5539CD08-46CD-4474-9572-1FB68C7CEA0B}.Debug|Any CPU.ActiveCfg = Debug|Any CPU
		{5539CD08-46CD-4474-9572-1FB68C7CEA0B}.Debug|Any CPU.Build.0 = Debug|Any CPU
		{5539CD08-46CD-4474-9572-1FB68C7CEA0B}.Release|Any CPU.ActiveCfg = Release|Any CPU
		{5539CD08-46CD-4474-9572-1FB68C7CEA0B}.Release|Any CPU.Build.0 = Release|Any CPU
		{11C43905-8B23-4540-B225-07610F509A6A}.Debug|Any CPU.ActiveCfg = Debug|Any CPU
		{11C43905-8B23-4540-B225-07610F509A6A}.Debug|Any CPU.Build.0 = Debug|Any CPU
		{11C43905-8B23-4540-B225-07610F509A6A}.Release|Any CPU.ActiveCfg = Release|Any CPU
		{11C43905-8B23-4540-B225-07610F509A6A}.Release|Any CPU.Build.0 = Release|Any CPU
	EndGlobalSection
	GlobalSection(SolutionProperties) = preSolution
		HideSolutionNode = FALSE
	EndGlobalSection
EndGlobal
