
Microsoft Visual Studio Solution File, Format Version 12.00
# Visual Studio 14
VisualStudioVersion = 14.0.25420.1
MinimumVisualStudioVersion = 10.0.40219.1
Project("{FAE04EC0-301F-11D3-BF4B-00C04F79EFBC}") = "01. Charity Marathon", "01. Charity Marathon\01. Charity Marathon.csproj", "{3D60DAB3-B748-4891-A51B-C0CCCE0F5959}"
EndProject
Project("{FAE04EC0-301F-11D3-BF4B-00C04F79EFBC}") = "02. Ladybugs", "02. Ladybugs\02. Ladybugs.csproj", "{57BE6944-55F9-4997-B536-2B5A72F14760}"
EndProject
Project("{FAE04EC0-301F-11D3-BF4B-00C04F79EFBC}") = "03. Nether Realms", "03. Nether Realms\03. Nether Realms.csproj", "{EF4421DF-7BE4-4C4D-9EF4-F56391C9FCA3}"
EndProject
Project("{FAE04EC0-301F-11D3-BF4B-00C04F79EFBC}") = "04. Roli The Coder", "04. Roli The Coder\04. Roli The Coder.csproj", "{97657DD3-A914-493A-90F3-42187A9D3CC4}"
EndProject
Global
	GlobalSection(SolutionConfigurationPlatforms) = preSolution
		Debug|Any CPU = Debug|Any CPU
		Release|Any CPU = Release|Any CPU
	EndGlobalSection
	GlobalSection(ProjectConfigurationPlatforms) = postSolution
		{3D60DAB3-B748-4891-A51B-C0CCCE0F5959}.Debug|Any CPU.ActiveCfg = Debug|Any CPU
		{3D60DAB3-B748-4891-A51B-C0CCCE0F5959}.Debug|Any CPU.Build.0 = Debug|Any CPU
		{3D60DAB3-B748-4891-A51B-C0CCCE0F5959}.Release|Any CPU.ActiveCfg = Release|Any CPU
		{3D60DAB3-B748-4891-A51B-C0CCCE0F5959}.Release|Any CPU.Build.0 = Release|Any CPU
		{57BE6944-55F9-4997-B536-2B5A72F14760}.Debug|Any CPU.ActiveCfg = Debug|Any CPU
		{57BE6944-55F9-4997-B536-2B5A72F14760}.Debug|Any CPU.Build.0 = Debug|Any CPU
		{57BE6944-55F9-4997-B536-2B5A72F14760}.Release|Any CPU.ActiveCfg = Release|Any CPU
		{57BE6944-55F9-4997-B536-2B5A72F14760}.Release|Any CPU.Build.0 = Release|Any CPU
		{EF4421DF-7BE4-4C4D-9EF4-F56391C9FCA3}.Debug|Any CPU.ActiveCfg = Debug|Any CPU
		{EF4421DF-7BE4-4C4D-9EF4-F56391C9FCA3}.Debug|Any CPU.Build.0 = Debug|Any CPU
		{EF4421DF-7BE4-4C4D-9EF4-F56391C9FCA3}.Release|Any CPU.ActiveCfg = Release|Any CPU
		{EF4421DF-7BE4-4C4D-9EF4-F56391C9FCA3}.Release|Any CPU.Build.0 = Release|Any CPU
		{97657DD3-A914-493A-90F3-42187A9D3CC4}.Debug|Any CPU.ActiveCfg = Debug|Any CPU
		{97657DD3-A914-493A-90F3-42187A9D3CC4}.Debug|Any CPU.Build.0 = Debug|Any CPU
		{97657DD3-A914-493A-90F3-42187A9D3CC4}.Release|Any CPU.ActiveCfg = Release|Any CPU
		{97657DD3-A914-493A-90F3-42187A9D3CC4}.Release|Any CPU.Build.0 = Release|Any CPU
	EndGlobalSection
	GlobalSection(SolutionProperties) = preSolution
		HideSolutionNode = FALSE
	EndGlobalSection
EndGlobal
