
Microsoft Visual Studio Solution File, Format Version 12.00
# Visual Studio 14
VisualStudioVersion = 14.0.25420.1
MinimumVisualStudioVersion = 10.0.40219.1
Project("{FAE04EC0-301F-11D3-BF4B-00C04F79EFBC}") = "01. Charity Marathon", "01. Charity Marathon\01. Charity Marathon.csproj", "{ED63B73B-5B79-4C2A-9288-C89A372DCC47}"
EndProject
Project("{FAE04EC0-301F-11D3-BF4B-00C04F79EFBC}") = "02. Ladybugs", "02. Ladybugs\02. Ladybugs.csproj", "{F5164BA6-A9A8-4A62-9B82-F9BFDE5FD4CE}"
EndProject
Project("{FAE04EC0-301F-11D3-BF4B-00C04F79EFBC}") = "03. Nether Realms", "03. Nether Realms\03. Nether Realms.csproj", "{2BB86EAD-BC45-4DFB-A7C1-9841A4674A1D}"
EndProject
Project("{FAE04EC0-301F-11D3-BF4B-00C04F79EFBC}") = "04. Roli The Coder", "04. Roli The Coder\04. Roli The Coder.csproj", "{0EEB377E-0128-42CA-951D-B144601EB3AD}"
EndProject
Global
	GlobalSection(SolutionConfigurationPlatforms) = preSolution
		Debug|Any CPU = Debug|Any CPU
		Release|Any CPU = Release|Any CPU
	EndGlobalSection
	GlobalSection(ProjectConfigurationPlatforms) = postSolution
		{ED63B73B-5B79-4C2A-9288-C89A372DCC47}.Debug|Any CPU.ActiveCfg = Debug|Any CPU
		{ED63B73B-5B79-4C2A-9288-C89A372DCC47}.Debug|Any CPU.Build.0 = Debug|Any CPU
		{ED63B73B-5B79-4C2A-9288-C89A372DCC47}.Release|Any CPU.ActiveCfg = Release|Any CPU
		{ED63B73B-5B79-4C2A-9288-C89A372DCC47}.Release|Any CPU.Build.0 = Release|Any CPU
		{F5164BA6-A9A8-4A62-9B82-F9BFDE5FD4CE}.Debug|Any CPU.ActiveCfg = Debug|Any CPU
		{F5164BA6-A9A8-4A62-9B82-F9BFDE5FD4CE}.Debug|Any CPU.Build.0 = Debug|Any CPU
		{F5164BA6-A9A8-4A62-9B82-F9BFDE5FD4CE}.Release|Any CPU.ActiveCfg = Release|Any CPU
		{F5164BA6-A9A8-4A62-9B82-F9BFDE5FD4CE}.Release|Any CPU.Build.0 = Release|Any CPU
		{2BB86EAD-BC45-4DFB-A7C1-9841A4674A1D}.Debug|Any CPU.ActiveCfg = Debug|Any CPU
		{2BB86EAD-BC45-4DFB-A7C1-9841A4674A1D}.Debug|Any CPU.Build.0 = Debug|Any CPU
		{2BB86EAD-BC45-4DFB-A7C1-9841A4674A1D}.Release|Any CPU.ActiveCfg = Release|Any CPU
		{2BB86EAD-BC45-4DFB-A7C1-9841A4674A1D}.Release|Any CPU.Build.0 = Release|Any CPU
		{0EEB377E-0128-42CA-951D-B144601EB3AD}.Debug|Any CPU.ActiveCfg = Debug|Any CPU
		{0EEB377E-0128-42CA-951D-B144601EB3AD}.Debug|Any CPU.Build.0 = Debug|Any CPU
		{0EEB377E-0128-42CA-951D-B144601EB3AD}.Release|Any CPU.ActiveCfg = Release|Any CPU
		{0EEB377E-0128-42CA-951D-B144601EB3AD}.Release|Any CPU.Build.0 = Release|Any CPU
	EndGlobalSection
	GlobalSection(SolutionProperties) = preSolution
		HideSolutionNode = FALSE
	EndGlobalSection
EndGlobal
