
Microsoft Visual Studio Solution File, Format Version 12.00
# Visual Studio 14
VisualStudioVersion = 14.0.25420.1
MinimumVisualStudioVersion = 10.0.40219.1
Project("{FAE04EC0-301F-11D3-BF4B-00C04F79EFBC}") = "01. Thea the Photographer", "01. Thea the Photographer\01. Thea the Photographer.csproj", "{3BF3F029-BDED-468D-BAAC-1736B49F2BC1}"
EndProject
Project("{FAE04EC0-301F-11D3-BF4B-00C04F79EFBC}") = "04. Files", "04. Files\04. Files.csproj", "{AF7C037B-0863-4D3C-B48E-1F49A2B05733}"
EndProject
Project("{FAE04EC0-301F-11D3-BF4B-00C04F79EFBC}") = "02. Trophon the Grumpy Cat", "02. Trophon the Grumpy Cat\02. Trophon the Grumpy Cat.csproj", "{6BB98B5F-1DB3-46F0-8F82-9EA88493566C}"
EndProject
Project("{FAE04EC0-301F-11D3-BF4B-00C04F79EFBC}") = "03. Portal", "03. Portal\03. Portal.csproj", "{9631D2EE-493F-4C13-90DB-1AC5DA5C2D35}"
EndProject
Global
	GlobalSection(SolutionConfigurationPlatforms) = preSolution
		Debug|Any CPU = Debug|Any CPU
		Release|Any CPU = Release|Any CPU
	EndGlobalSection
	GlobalSection(ProjectConfigurationPlatforms) = postSolution
		{3BF3F029-BDED-468D-BAAC-1736B49F2BC1}.Debug|Any CPU.ActiveCfg = Debug|Any CPU
		{3BF3F029-BDED-468D-BAAC-1736B49F2BC1}.Debug|Any CPU.Build.0 = Debug|Any CPU
		{3BF3F029-BDED-468D-BAAC-1736B49F2BC1}.Release|Any CPU.ActiveCfg = Release|Any CPU
		{3BF3F029-BDED-468D-BAAC-1736B49F2BC1}.Release|Any CPU.Build.0 = Release|Any CPU
		{AF7C037B-0863-4D3C-B48E-1F49A2B05733}.Debug|Any CPU.ActiveCfg = Debug|Any CPU
		{AF7C037B-0863-4D3C-B48E-1F49A2B05733}.Debug|Any CPU.Build.0 = Debug|Any CPU
		{AF7C037B-0863-4D3C-B48E-1F49A2B05733}.Release|Any CPU.ActiveCfg = Release|Any CPU
		{AF7C037B-0863-4D3C-B48E-1F49A2B05733}.Release|Any CPU.Build.0 = Release|Any CPU
		{6BB98B5F-1DB3-46F0-8F82-9EA88493566C}.Debug|Any CPU.ActiveCfg = Debug|Any CPU
		{6BB98B5F-1DB3-46F0-8F82-9EA88493566C}.Debug|Any CPU.Build.0 = Debug|Any CPU
		{6BB98B5F-1DB3-46F0-8F82-9EA88493566C}.Release|Any CPU.ActiveCfg = Release|Any CPU
		{6BB98B5F-1DB3-46F0-8F82-9EA88493566C}.Release|Any CPU.Build.0 = Release|Any CPU
		{9631D2EE-493F-4C13-90DB-1AC5DA5C2D35}.Debug|Any CPU.ActiveCfg = Debug|Any CPU
		{9631D2EE-493F-4C13-90DB-1AC5DA5C2D35}.Debug|Any CPU.Build.0 = Debug|Any CPU
		{9631D2EE-493F-4C13-90DB-1AC5DA5C2D35}.Release|Any CPU.ActiveCfg = Release|Any CPU
		{9631D2EE-493F-4C13-90DB-1AC5DA5C2D35}.Release|Any CPU.Build.0 = Release|Any CPU
	EndGlobalSection
	GlobalSection(SolutionProperties) = preSolution
		HideSolutionNode = FALSE
	EndGlobalSection
EndGlobal
